
Microsoft Visual Studio Solution File, Format Version 12.00
# Visual Studio 14
VisualStudioVersion = 14.0.22609.0
MinimumVisualStudioVersion = 10.0.40219.1
Project("{2150E333-8FDC-42A3-9474-1A3956D46DE8}") = "Solution Items", "Solution Items", "{2B6651B4-9FCA-4335-BC15-B6464677B79A}"
	ProjectSection(SolutionItems) = preProject
		README.md = README.md
		Directory.Build.props = Directory.Build.props
		LICENSE = LICENSE
	EndProjectSection
EndProject
Project("{FAE04EC0-301F-11D3-BF4B-00C04F79EFBC}") = "ApiTest", "ApiTest\ApiTest.csproj", "{9AB66E1A-4BA5-41CF-8035-8F13B11B6B9D}"
EndProject
Project("{FAE04EC0-301F-11D3-BF4B-00C04F79EFBC}") = "QifApi", "QifApi\QifApi.csproj", "{1CAE9016-19A8-477F-BE6C-1E8C09FC8DDC}"
EndProject
Global
	GlobalSection(SolutionConfigurationPlatforms) = preSolution
		Debug|Any CPU = Debug|Any CPU
		Release|Any CPU = Release|Any CPU
	EndGlobalSection
	GlobalSection(ProjectConfigurationPlatforms) = postSolution
		{9AB66E1A-4BA5-41CF-8035-8F13B11B6B9D}.Debug|Any CPU.ActiveCfg = Debug|Any CPU
		{9AB66E1A-4BA5-41CF-8035-8F13B11B6B9D}.Debug|Any CPU.Build.0 = Debug|Any CPU
		{9AB66E1A-4BA5-41CF-8035-8F13B11B6B9D}.Release|Any CPU.ActiveCfg = Release|Any CPU
		{9AB66E1A-4BA5-41CF-8035-8F13B11B6B9D}.Release|Any CPU.Build.0 = Release|Any CPU
		{1CAE9016-19A8-477F-BE6C-1E8C09FC8DDC}.Debug|Any CPU.ActiveCfg = Debug|Any CPU
		{1CAE9016-19A8-477F-BE6C-1E8C09FC8DDC}.Debug|Any CPU.Build.0 = Debug|Any CPU
		{1CAE9016-19A8-477F-BE6C-1E8C09FC8DDC}.Release|Any CPU.ActiveCfg = Release|Any CPU
		{1CAE9016-19A8-477F-BE6C-1E8C09FC8DDC}.Release|Any CPU.Build.0 = Release|Any CPU
	EndGlobalSection
	GlobalSection(SolutionProperties) = preSolution
		HideSolutionNode = FALSE
	EndGlobalSection
EndGlobal
