
Microsoft Visual Studio Solution File, Format Version 12.00
# Visual Studio Version 17
VisualStudioVersion = 17.6.33717.318
MinimumVisualStudioVersion = 10.0.40219.1
Project("{2150E333-8FDC-42A3-9474-1A3956D46DE8}") = "Solution Items", "Solution Items", "{2B6651B4-9FCA-4335-BC15-B6464677B79A}"
	ProjectSection(SolutionItems) = preProject
		AsyncGenerator.yml = AsyncGenerator.yml
		Directory.Build.props = Directory.Build.props
		LICENSE = LICENSE
		README.md = README.md
	EndProjectSection
EndProject
Project("{9A19103F-16F7-4668-BE54-9A1E7A4F7556}") = "ApiTest", "ApiTest\ApiTest.csproj", "{9AB66E1A-4BA5-41CF-8035-8F13B11B6B9D}"
EndProject
Project("{9A19103F-16F7-4668-BE54-9A1E7A4F7556}") = "QifApi", "QifApi\QifApi.csproj", "{1CAE9016-19A8-477F-BE6C-1E8C09FC8DDC}"
EndProject
Global
	GlobalSection(SolutionConfigurationPlatforms) = preSolution
		Debug|Any CPU = Debug|Any CPU
		Release|Any CPU = Release|Any CPU
	EndGlobalSection
	GlobalSection(ProjectConfigurationPlatforms) = postSolution
		{9AB66E1A-4BA5-41CF-8035-8F13B11B6B9D}.Debug|Any CPU.ActiveCfg = Debug|Any CPU
		{9AB66E1A-4BA5-41CF-8035-8F13B11B6B9D}.Debug|Any CPU.Build.0 = Debug|Any CPU
		{9AB66E1A-4BA5-41CF-8035-8F13B11B6B9D}.Release|Any CPU.ActiveCfg = Release|Any CPU
		{9AB66E1A-4BA5-41CF-8035-8F13B11B6B9D}.Release|Any CPU.Build.0 = Release|Any CPU
		{1CAE9016-19A8-477F-BE6C-1E8C09FC8DDC}.Debug|Any CPU.ActiveCfg = Debug|Any CPU
		{1CAE9016-19A8-477F-BE6C-1E8C09FC8DDC}.Debug|Any CPU.Build.0 = Debug|Any CPU
		{1CAE9016-19A8-477F-BE6C-1E8C09FC8DDC}.Release|Any CPU.ActiveCfg = Release|Any CPU
		{1CAE9016-19A8-477F-BE6C-1E8C09FC8DDC}.Release|Any CPU.Build.0 = Release|Any CPU
	EndGlobalSection
	GlobalSection(SolutionProperties) = preSolution
		HideSolutionNode = FALSE
	EndGlobalSection
	GlobalSection(ExtensibilityGlobals) = postSolution
		SolutionGuid = {1AC2CFA3-8182-4EB7-8C02-92C7C22C8381}
	EndGlobalSection
EndGlobal
